
Microsoft Visual Studio Solution File, Format Version 12.00
# Visual Studio Version 17
VisualStudioVersion = 17.11.35327.3
MinimumVisualStudioVersion = 10.0.40219.1
Project("{FAE04EC0-301F-11D3-BF4B-00C04F79EFBC}") = "demoWebFormTaskMukeshShelar", "demoWebFormTaskMukeshShelar\demoWebFormTaskMukeshShelar.csproj", "{702AADBA-5B6F-4A23-AF6D-9097C00CB06B}"
EndProject
Global
	GlobalSection(SolutionConfigurationPlatforms) = preSolution
		Debug|Any CPU = Debug|Any CPU
		Release|Any CPU = Release|Any CPU
	EndGlobalSection
	GlobalSection(ProjectConfigurationPlatforms) = postSolution
		{702AADBA-5B6F-4A23-AF6D-9097C00CB06B}.Debug|Any CPU.ActiveCfg = Debug|Any CPU
		{702AADBA-5B6F-4A23-AF6D-9097C00CB06B}.Debug|Any CPU.Build.0 = Debug|Any CPU
		{702AADBA-5B6F-4A23-AF6D-9097C00CB06B}.Release|Any CPU.ActiveCfg = Release|Any CPU
		{702AADBA-5B6F-4A23-AF6D-9097C00CB06B}.Release|Any CPU.Build.0 = Release|Any CPU
	EndGlobalSection
	GlobalSection(SolutionProperties) = preSolution
		HideSolutionNode = FALSE
	EndGlobalSection
	GlobalSection(ExtensibilityGlobals) = postSolution
		SolutionGuid = {54128F29-A7D5-42F7-9715-7033E9B58E2A}
	EndGlobalSection
EndGlobal
